{
  "version": 4,
  "terraform_version": "1.4.3",
  "serial": 10,
  "lineage": "e7f0e383-6682-4e72-ecc3-a61046ed3964",
  "outputs": {},
  "resources": [
    {
      "mode": "data",
      "type": "archive_file",
      "name": "src",
      "provider": "provider[\"registry.terraform.io/hashicorp/archive\"]",
      "instances": [
        {
          "schema_version": 0,
          "attributes": {
            "excludes": null,
            "id": "bfd0105761f5e4315f3e5499b481ffcc977e5788",
            "output_base64sha256": "kcwDzgqVMamsclWj9+alPhrRSsYQwLhgRtackhhFqd8=",
            "output_file_mode": null,
            "output_md5": "6c4ac4cee4e4e1d3ba0b1183f87335c0",
            "output_path": "./../generated/workspace.zip",
            "output_sha": "bfd0105761f5e4315f3e5499b481ffcc977e5788",
            "output_size": 293,
            "source": [],
            "source_content": null,
            "source_content_filename": null,
            "source_dir": "./../myfunction",
            "source_file": null,
            "type": "zip"
          },
          "sensitive_attributes": []
        }
      ]
    },
    {
      "mode": "managed",
      "type": "google_cloud_scheduler_job",
      "name": "job",
      "provider": "provider[\"registry.terraform.io/hashicorp/google\"]",
      "instances": [
        {
          "schema_version": 0,
          "attributes": {
            "app_engine_http_target": [],
            "attempt_deadline": "320s",
            "description": "Trigger the my-cloud-func-scheduled-cloud-function Cloud Function every 10 mins.",
            "http_target": [
              {
                "body": "",
                "headers": {},
                "http_method": "GET",
                "oauth_token": [],
                "oidc_token": [
                  {
                    "audience": "https://europe-west1-playground-projects-99323.cloudfunctions.net/my-cloud-func-scheduled-cloud-function",
                    "service_account_email": "my-cloud-func-invoker-sa@playground-projects-99323.iam.gserviceaccount.com"
                  }
                ],
                "uri": "https://europe-west1-playground-projects-99323.cloudfunctions.net/my-cloud-func-scheduled-cloud-function"
              }
            ],
            "id": "projects/playground-projects-99323/locations/europe-west1/jobs/my-cloud-func-cloud-fn-scheduler",
            "name": "my-cloud-func-cloud-fn-scheduler",
            "paused": false,
            "project": "playground-projects-99323",
            "pubsub_target": [],
            "region": "europe-west1",
            "retry_config": [],
            "schedule": "*/1 * * * *",
            "state": "ENABLED",
            "time_zone": "Europe/Dublin",
            "timeouts": null
          },
          "sensitive_attributes": [],
          "private": "eyJlMmJmYjczMC1lY2FhLTExZTYtOGY4OC0zNDM2M2JjN2M0YzAiOnsiY3JlYXRlIjoxMjAwMDAwMDAwMDAwLCJkZWxldGUiOjEyMDAwMDAwMDAwMDAsInVwZGF0ZSI6MTIwMDAwMDAwMDAwMH19",
          "dependencies": [
            "google_cloudfunctions_function.function",
            "google_service_account.service_account"
          ]
        }
      ]
    },
    {
      "mode": "managed",
      "type": "google_cloudfunctions_function",
      "name": "function",
      "provider": "provider[\"registry.terraform.io/hashicorp/google\"]",
      "instances": [
        {
          "schema_version": 0,
          "attributes": {
            "available_memory_mb": 128,
            "build_environment_variables": null,
            "build_worker_pool": "",
            "description": "An example Cloud Function that is triggered by a Cloud Schedule.",
            "docker_registry": "CONTAINER_REGISTRY",
            "docker_repository": "",
            "entry_point": "Handler",
            "environment_variables": {
              "FOO": "bar"
            },
            "event_trigger": [],
            "https_trigger_security_level": "SECURE_OPTIONAL",
            "https_trigger_url": "https://europe-west1-playground-projects-99323.cloudfunctions.net/my-cloud-func-scheduled-cloud-function",
            "id": "projects/playground-projects-99323/locations/europe-west1/functions/my-cloud-func-scheduled-cloud-function",
            "ingress_settings": "ALLOW_ALL",
            "kms_key_name": "",
            "labels": {},
            "max_instances": 0,
            "min_instances": 0,
            "name": "my-cloud-func-scheduled-cloud-function",
            "project": "playground-projects-99323",
            "region": "europe-west1",
            "runtime": "go120",
            "secret_environment_variables": [],
            "secret_volumes": [],
            "service_account_email": "playground-projects-99323@appspot.gserviceaccount.com",
            "source_archive_bucket": "my-cloud-func-cloud-function-bucket",
            "source_archive_object": "6c4ac4cee4e4e1d3ba0b1183f87335c0.zip",
            "source_repository": [],
            "status": "ACTIVE",
            "timeout": 60,
            "timeouts": null,
            "trigger_http": true,
            "vpc_connector": "",
            "vpc_connector_egress_settings": ""
          },
          "sensitive_attributes": [],
          "private": "eyJlMmJmYjczMC1lY2FhLTExZTYtOGY4OC0zNDM2M2JjN2M0YzAiOnsiY3JlYXRlIjozMDAwMDAwMDAwMDAsImRlbGV0ZSI6MzAwMDAwMDAwMDAwLCJyZWFkIjozMDAwMDAwMDAwMDAsInVwZGF0ZSI6MzAwMDAwMDAwMDAwfX0=",
          "dependencies": [
            "data.archive_file.src",
            "google_storage_bucket.bucket",
            "google_storage_bucket_object.archive"
          ]
        }
      ]
    },
    {
      "mode": "managed",
      "type": "google_cloudfunctions_function_iam_member",
      "name": "invoker",
      "provider": "provider[\"registry.terraform.io/hashicorp/google\"]",
      "instances": [
        {
          "schema_version": 0,
          "attributes": {
            "cloud_function": "projects/playground-projects-99323/locations/europe-west1/functions/my-cloud-func-scheduled-cloud-function",
            "condition": [],
            "etag": "BwX9TLxybxY=",
            "id": "projects/playground-projects-99323/locations/europe-west1/functions/my-cloud-func-scheduled-cloud-function/roles/cloudfunctions.invoker/serviceAccount:my-cloud-func-invoker-sa@playground-projects-99323.iam.gserviceaccount.com",
            "member": "serviceAccount:my-cloud-func-invoker-sa@playground-projects-99323.iam.gserviceaccount.com",
            "project": "playground-projects-99323",
            "region": "europe-west1",
            "role": "roles/cloudfunctions.invoker"
          },
          "sensitive_attributes": [],
          "private": "bnVsbA==",
          "dependencies": [
            "data.archive_file.src",
            "google_cloudfunctions_function.function",
            "google_service_account.service_account",
            "google_storage_bucket.bucket",
            "google_storage_bucket_object.archive"
          ]
        }
      ]
    },
    {
      "mode": "managed",
      "type": "google_service_account",
      "name": "service_account",
      "provider": "provider[\"registry.terraform.io/hashicorp/google\"]",
      "instances": [
        {
          "schema_version": 0,
          "attributes": {
            "account_id": "my-cloud-func-invoker-sa",
            "description": "",
            "disabled": false,
            "display_name": "Cloud Function Tutorial Invoker Service Account",
            "email": "my-cloud-func-invoker-sa@playground-projects-99323.iam.gserviceaccount.com",
            "id": "projects/playground-projects-99323/serviceAccounts/my-cloud-func-invoker-sa@playground-projects-99323.iam.gserviceaccount.com",
            "member": "serviceAccount:my-cloud-func-invoker-sa@playground-projects-99323.iam.gserviceaccount.com",
            "name": "projects/playground-projects-99323/serviceAccounts/my-cloud-func-invoker-sa@playground-projects-99323.iam.gserviceaccount.com",
            "project": "playground-projects-99323",
            "timeouts": null,
            "unique_id": "104931890674102944524"
          },
          "sensitive_attributes": [],
          "private": "eyJlMmJmYjczMC1lY2FhLTExZTYtOGY4OC0zNDM2M2JjN2M0YzAiOnsiY3JlYXRlIjozMDAwMDAwMDAwMDB9fQ=="
        }
      ]
    },
    {
      "mode": "managed",
      "type": "google_storage_bucket",
      "name": "bucket",
      "provider": "provider[\"registry.terraform.io/hashicorp/google\"]",
      "instances": [
        {
          "schema_version": 0,
          "attributes": {
            "autoclass": [],
            "cors": [],
            "custom_placement_config": [],
            "default_event_based_hold": false,
            "encryption": [],
            "force_destroy": false,
            "id": "my-cloud-func-cloud-function-bucket",
            "labels": {},
            "lifecycle_rule": [],
            "location": "US",
            "logging": [],
            "name": "my-cloud-func-cloud-function-bucket",
            "project": "playground-projects-99323",
            "public_access_prevention": "inherited",
            "requester_pays": false,
            "retention_policy": [],
            "self_link": "https://www.googleapis.com/storage/v1/b/my-cloud-func-cloud-function-bucket",
            "storage_class": "STANDARD",
            "timeouts": null,
            "uniform_bucket_level_access": false,
            "url": "gs://my-cloud-func-cloud-function-bucket",
            "versioning": [],
            "website": []
          },
          "sensitive_attributes": [],
          "private": "eyJlMmJmYjczMC1lY2FhLTExZTYtOGY4OC0zNDM2M2JjN2M0YzAiOnsiY3JlYXRlIjo2MDAwMDAwMDAwMDAsInJlYWQiOjI0MDAwMDAwMDAwMCwidXBkYXRlIjoyNDAwMDAwMDAwMDB9fQ=="
        }
      ]
    },
    {
      "mode": "managed",
      "type": "google_storage_bucket",
      "name": "default",
      "provider": "provider[\"registry.terraform.io/hashicorp/google\"]",
      "instances": [
        {
          "schema_version": 0,
          "attributes": {
            "autoclass": [],
            "cors": [],
            "custom_placement_config": [],
            "default_event_based_hold": false,
            "encryption": [],
            "force_destroy": false,
            "id": "my-cloud-func-bucket-tfstate",
            "labels": {},
            "lifecycle_rule": [],
            "location": "US",
            "logging": [],
            "name": "my-cloud-func-bucket-tfstate",
            "project": "playground-projects-99323",
            "public_access_prevention": "inherited",
            "requester_pays": false,
            "retention_policy": [],
            "self_link": "https://www.googleapis.com/storage/v1/b/my-cloud-func-bucket-tfstate",
            "storage_class": "STANDARD",
            "timeouts": null,
            "uniform_bucket_level_access": false,
            "url": "gs://my-cloud-func-bucket-tfstate",
            "versioning": [
              {
                "enabled": true
              }
            ],
            "website": []
          },
          "sensitive_attributes": [],
          "private": "eyJlMmJmYjczMC1lY2FhLTExZTYtOGY4OC0zNDM2M2JjN2M0YzAiOnsiY3JlYXRlIjo2MDAwMDAwMDAwMDAsInJlYWQiOjI0MDAwMDAwMDAwMCwidXBkYXRlIjoyNDAwMDAwMDAwMDB9fQ=="
        }
      ]
    },
    {
      "mode": "managed",
      "type": "google_storage_bucket_object",
      "name": "archive",
      "provider": "provider[\"registry.terraform.io/hashicorp/google\"]",
      "instances": [
        {
          "schema_version": 0,
          "attributes": {
            "bucket": "my-cloud-func-cloud-function-bucket",
            "cache_control": "",
            "content": null,
            "content_disposition": "",
            "content_encoding": "",
            "content_language": "",
            "content_type": "application/zip",
            "crc32c": "L8vYfw==",
            "customer_encryption": [],
            "detect_md5hash": "bErEzuTk4dO6CxGD+HM1wA==",
            "event_based_hold": false,
            "id": "my-cloud-func-cloud-function-bucket-6c4ac4cee4e4e1d3ba0b1183f87335c0.zip",
            "kms_key_name": "",
            "md5hash": "bErEzuTk4dO6CxGD+HM1wA==",
            "media_link": "https://storage.googleapis.com/download/storage/v1/b/my-cloud-func-cloud-function-bucket/o/6c4ac4cee4e4e1d3ba0b1183f87335c0.zip?generation=1685880802750802\u0026alt=media",
            "metadata": {},
            "name": "6c4ac4cee4e4e1d3ba0b1183f87335c0.zip",
            "output_name": "6c4ac4cee4e4e1d3ba0b1183f87335c0.zip",
            "self_link": "https://www.googleapis.com/storage/v1/b/my-cloud-func-cloud-function-bucket/o/6c4ac4cee4e4e1d3ba0b1183f87335c0.zip",
            "source": "./../generated/workspace.zip",
            "storage_class": "STANDARD",
            "temporary_hold": false,
            "timeouts": null
          },
          "sensitive_attributes": [],
          "private": "eyJlMmJmYjczMC1lY2FhLTExZTYtOGY4OC0zNDM2M2JjN2M0YzAiOnsiY3JlYXRlIjoyNDAwMDAwMDAwMDAsImRlbGV0ZSI6MjQwMDAwMDAwMDAwLCJ1cGRhdGUiOjI0MDAwMDAwMDAwMH19",
          "dependencies": [
            "data.archive_file.src",
            "google_storage_bucket.bucket"
          ]
        }
      ]
    }
  ],
  "check_results": null
}
